// !$*UTF8*$!
{
	archiveVersion = 1;
	classes = {
	};
	objectVersion = 48;
	objects = {

/* Begin PBXBuildFile section */
		1E48A12A1FFF20E600D69ECF /* AppDelegate.m in Sources */ = {isa = PBXBuildFile; fileRef = 1E48A1291FFF20E600D69ECF /* AppDelegate.m */; };
		1E48A12D1FFF20E600D69ECF /* ViewController.m in Sources */ = {isa = PBXBuildFile; fileRef = 1E48A12C1FFF20E600D69ECF /* ViewController.m */; };
		1E48A1301FFF20E600D69ECF /* Main.storyboard in Resources */ = {isa = PBXBuildFile; fileRef = 1E48A12E1FFF20E600D69ECF /* Main.storyboard */; };
		1E48A1331FFF20E600D69ECF /* STNews.xcdatamodeld in Sources */ = {isa = PBXBuildFile; fileRef = 1E48A1311FFF20E600D69ECF /* STNews.xcdatamodeld */; };
		1E48A1351FFF20E600D69ECF /* Assets.xcassets in Resources */ = {isa = PBXBuildFile; fileRef = 1E48A1341FFF20E600D69ECF /* Assets.xcassets */; };
		1E48A1381FFF20E600D69ECF /* LaunchScreen.storyboard in Resources */ = {isa = PBXBuildFile; fileRef = 1E48A1361FFF20E600D69ECF /* LaunchScreen.storyboard */; };
		1E48A13B1FFF20E600D69ECF /* main.m in Sources */ = {isa = PBXBuildFile; fileRef = 1E48A13A1FFF20E600D69ECF /* main.m */; };
		1E48A1451FFF20E700D69ECF /* STNewsTests.m in Sources */ = {isa = PBXBuildFile; fileRef = 1E48A1441FFF20E700D69ECF /* STNewsTests.m */; };
/* End PBXBuildFile section */

/* Begin PBXContainerItemProxy section */
		1E48A1411FFF20E700D69ECF /* PBXContainerItemProxy */ = {
			isa = PBXContainerItemProxy;
			containerPortal = 1E48A11D1FFF20E600D69ECF /* Project object */;
			proxyType = 1;
			remoteGlobalIDString = 1E48A1241FFF20E600D69ECF;
			remoteInfo = STNews;
		};
/* End PBXContainerItemProxy section */

/* Begin PBXFileReference section */
		1E48A1251FFF20E600D69ECF /* STNews.app */ = {isa = PBXFileReference; explicitFileType = wrapper.application; includeInIndex = 0; path = STNews.app; sourceTree = BUILT_PRODUCTS_DIR; };
		1E48A1281FFF20E600D69ECF /* AppDelegate.h */ = {isa = PBXFileReference; lastKnownFileType = sourcecode.c.h; path = AppDelegate.h; sourceTree = "<group>"; };
		1E48A1291FFF20E600D69ECF /* AppDelegate.m */ = {isa = PBXFileReference; lastKnownFileType = sourcecode.c.objc; path = AppDelegate.m; sourceTree = "<group>"; };
		1E48A12B1FFF20E600D69ECF /* ViewController.h */ = {isa = PBXFileReference; lastKnownFileType = sourcecode.c.h; path = ViewController.h; sourceTree = "<group>"; };
		1E48A12C1FFF20E600D69ECF /* ViewController.m */ = {isa = PBXFileReference; lastKnownFileType = sourcecode.c.objc; path = ViewController.m; sourceTree = "<group>"; };
		1E48A12F1FFF20E600D69ECF /* Base */ = {isa = PBXFileReference; lastKnownFileType = file.storyboard; name = Base; path = Base.lproj/Main.storyboard; sourceTree = "<group>"; };
		1E48A1321FFF20E600D69ECF /* STNews.xcdatamodel */ = {isa = PBXFileReference; lastKnownFileType = wrapper.xcdatamodel; path = STNews.xcdatamodel; sourceTree = "<group>"; };
		1E48A1341FFF20E600D69ECF /* Assets.xcassets */ = {isa = PBXFileReference; lastKnownFileType = folder.assetcatalog; path = Assets.xcassets; sourceTree = "<group>"; };
		1E48A1371FFF20E600D69ECF /* Base */ = {isa = PBXFileReference; lastKnownFileType = file.storyboard; name = Base; path = Base.lproj/LaunchScreen.storyboard; sourceTree = "<group>"; };
		1E48A1391FFF20E600D69ECF /* Info.plist */ = {isa = PBXFileReference; lastKnownFileType = text.plist.xml; path = Info.plist; sourceTree = "<group>"; };
		1E48A13A1FFF20E600D69ECF /* main.m */ = {isa = PBXFileReference; lastKnownFileType = sourcecode.c.objc; path = main.m; sourceTree = "<group>"; };
		1E48A1401FFF20E700D69ECF /* STNewsTests.xctest */ = {isa = PBXFileReference; explicitFileType = wrapper.cfbundle; includeInIndex = 0; path = STNewsTests.xctest; sourceTree = BUILT_PRODUCTS_DIR; };
		1E48A1441FFF20E700D69ECF /* STNewsTests.m */ = {isa = PBXFileReference; lastKnownFileType = sourcecode.c.objc; path = STNewsTests.m; sourceTree = "<group>"; };
		1E48A1461FFF20E700D69ECF /* Info.plist */ = {isa = PBXFileReference; lastKnownFileType = text.plist.xml; path = Info.plist; sourceTree = "<group>"; };
/* End PBXFileReference section */

/* Begin PBXFrameworksBuildPhase section */
		1E48A1221FFF20E600D69ECF /* Frameworks */ = {
			isa = PBXFrameworksBuildPhase;
			buildActionMask = 2147483647;
			files = (
			);
			runOnlyForDeploymentPostprocessing = 0;
		};
		1E48A13D1FFF20E700D69ECF /* Frameworks */ = {
			isa = PBXFrameworksBuildPhase;
			buildActionMask = 2147483647;
			files = (
			);
			runOnlyForDeploymentPostprocessing = 0;
		};
/* End PBXFrameworksBuildPhase section */

/* Begin PBXGroup section */
		1E48A11C1FFF20E600D69ECF = {
			isa = PBXGroup;
			children = (
				1E48A1271FFF20E600D69ECF /* STNews */,
				1E48A1431FFF20E700D69ECF /* STNewsTests */,
				1E48A1261FFF20E600D69ECF /* Products */,
			);
			sourceTree = "<group>";
		};
		1E48A1261FFF20E600D69ECF /* Products */ = {
			isa = PBXGroup;
			children = (
				1E48A1251FFF20E600D69ECF /* STNews.app */,
				1E48A1401FFF20E700D69ECF /* STNewsTests.xctest */,
			);
			name = Products;
			sourceTree = "<group>";
		};
		1E48A1271FFF20E600D69ECF /* STNews */ = {
			isa = PBXGroup;
			children = (
				1E48A1281FFF20E600D69ECF /* AppDelegate.h */,
				1E48A1291FFF20E600D69ECF /* AppDelegate.m */,
				1E48A12B1FFF20E600D69ECF /* ViewController.h */,
				1E48A12C1FFF20E600D69ECF /* ViewController.m */,
				1E48A12E1FFF20E600D69ECF /* Main.storyboard */,
				1E48A1341FFF20E600D69ECF /* Assets.xcassets */,
				1E48A1361FFF20E600D69ECF /* LaunchScreen.storyboard */,
				1E48A1391FFF20E600D69ECF /* Info.plist */,
				1E48A13A1FFF20E600D69ECF /* main.m */,
				1E48A1311FFF20E600D69ECF /* STNews.xcdatamodeld */,
			);
			path = STNews;
			sourceTree = "<group>";
		};
		1E48A1431FFF20E700D69ECF /* STNewsTests */ = {
			isa = PBXGroup;
			children = (
				1E48A1441FFF20E700D69ECF /* STNewsTests.m */,
				1E48A1461FFF20E700D69ECF /* Info.plist */,
			);
			path = STNewsTests;
			sourceTree = "<group>";
		};
/* End PBXGroup section */

/* Begin PBXNativeTarget section */
		1E48A1241FFF20E600D69ECF /* STNews */ = {
			isa = PBXNativeTarget;
			buildConfigurationList = 1E48A1491FFF20E700D69ECF /* Build configuration list for PBXNativeTarget "STNews" */;
			buildPhases = (
				1E48A1211FFF20E600D69ECF /* Sources */,
				1E48A1221FFF20E600D69ECF /* Frameworks */,
				1E48A1231FFF20E600D69ECF /* Resources */,
			);
			buildRules = (
			);
			dependencies = (
			);
			name = STNews;
			productName = STNews;
			productReference = 1E48A1251FFF20E600D69ECF /* STNews.app */;
			productType = "com.apple.product-type.application";
		};
		1E48A13F1FFF20E700D69ECF /* STNewsTests */ = {
			isa = PBXNativeTarget;
			buildConfigurationList = 1E48A14C1FFF20E700D69ECF /* Build configuration list for PBXNativeTarget "STNewsTests" */;
			buildPhases = (
				1E48A13C1FFF20E700D69ECF /* Sources */,
				1E48A13D1FFF20E700D69ECF /* Frameworks */,
				1E48A13E1FFF20E700D69ECF /* Resources */,
			);
			buildRules = (
			);
			dependencies = (
				1E48A1421FFF20E700D69ECF /* PBXTargetDependency */,
			);
			name = STNewsTests;
			productName = STNewsTests;
			productReference = 1E48A1401FFF20E700D69ECF /* STNewsTests.xctest */;
			productType = "com.apple.product-type.bundle.unit-test";
		};
/* End PBXNativeTarget section */

/* Begin PBXProject section */
		1E48A11D1FFF20E600D69ECF /* Project object */ = {
			isa = PBXProject;
			attributes = {
				LastUpgradeCheck = 0920;
				ORGANIZATIONNAME = suntao;
				TargetAttributes = {
					1E48A1241FFF20E600D69ECF = {
						CreatedOnToolsVersion = 9.2;
						ProvisioningStyle = Automatic;
					};
					1E48A13F1FFF20E700D69ECF = {
						CreatedOnToolsVersion = 9.2;
						ProvisioningStyle = Automatic;
						TestTargetID = 1E48A1241FFF20E600D69ECF;
					};
				};
			};
			buildConfigurationList = 1E48A1201FFF20E600D69ECF /* Build configuration list for PBXProject "STNews" */;
			compatibilityVersion = "Xcode 8.0";
			developmentRegion = en;
			hasScannedForEncodings = 0;
			knownRegions = (
				en,
				Base,
			);
			mainGroup = 1E48A11C1FFF20E600D69ECF;
			productRefGroup = 1E48A1261FFF20E600D69ECF /* Products */;
			projectDirPath = "";
			projectRoot = "";
			targets = (
				1E48A1241FFF20E600D69ECF /* STNews */,
				1E48A13F1FFF20E700D69ECF /* STNewsTests */,
			);
		};
/* End PBXProject section */

/* Begin PBXResourcesBuildPhase section */
		1E48A1231FFF20E600D69ECF /* Resources */ = {
			isa = PBXResourcesBuildPhase;
			buildActionMask = 2147483647;
			files = (
				1E48A1381FFF20E600D69ECF /* LaunchScreen.storyboard in Resources */,
				1E48A1351FFF20E600D69ECF /* Assets.xcassets in Resources */,
				1E48A1301FFF20E600D69ECF /* Main.storyboard in Resources */,
			);
			runOnlyForDeploymentPostprocessing = 0;
		};
		1E48A13E1FFF20E700D69ECF /* Resources */ = {
			isa = PBXResourcesBuildPhase;
			buildActionMask = 2147483647;
			files = (
			);
			runOnlyForDeploymentPostprocessing = 0;
		};
/* End PBXResourcesBuildPhase section */

/* Begin PBXSourcesBuildPhase section */
		1E48A1211FFF20E600D69ECF /* Sources */ = {
			isa = PBXSourcesBuildPhase;
			buildActionMask = 2147483647;
			files = (
				1E48A12D1FFF20E600D69ECF /* ViewController.m in Sources */,
				1E48A12A1FFF20E600D69ECF /* AppDelegate.m in Sources */,
				1E48A13B1FFF20E600D69ECF /* main.m in Sources */,
				1E48A1331FFF20E600D69ECF /* STNews.xcdatamodeld in Sources */,
			);
			runOnlyForDeploymentPostprocessing = 0;
		};
		1E48A13C1FFF20E700D69ECF /* Sources */ = {
			isa = PBXSourcesBuildPhase;
			buildActionMask = 2147483647;
			files = (
				1E48A1451FFF20E700D69ECF /* STNewsTests.m in Sources */,
			);
			runOnlyForDeploymentPostprocessing = 0;
		};
/* End PBXSourcesBuildPhase section */

/* Begin PBXTargetDependency section */
		1E48A1421FFF20E700D69ECF /* PBXTargetDependency */ = {
			isa = PBXTargetDependency;
			target = 1E48A1241FFF20E600D69ECF /* STNews */;
			targetProxy = 1E48A1411FFF20E700D69ECF /* PBXContainerItemProxy */;
		};
/* End PBXTargetDependency section */

/* Begin PBXVariantGroup section */
		1E48A12E1FFF20E600D69ECF /* Main.storyboard */ = {
			isa = PBXVariantGroup;
			children = (
				1E48A12F1FFF20E600D69ECF /* Base */,
			);
			name = Main.storyboard;
			sourceTree = "<group>";
		};
		1E48A1361FFF20E600D69ECF /* LaunchScreen.storyboard */ = {
			isa = PBXVariantGroup;
			children = (
				1E48A1371FFF20E600D69ECF /* Base */,
			);
			name = LaunchScreen.storyboard;
			sourceTree = "<group>";
		};
/* End PBXVariantGroup section */

/* Begin XCBuildConfiguration section */
		1E48A1471FFF20E700D69ECF /* Debug */ = {
			isa = XCBuildConfiguration;
			buildSettings = {
				ALWAYS_SEARCH_USER_PATHS = NO;
				CLANG_ANALYZER_NONNULL = YES;
				CLANG_ANALYZER_NUMBER_OBJECT_CONVERSION = YES_AGGRESSIVE;
				CLANG_CXX_LANGUAGE_STANDARD = "gnu++14";
				CLANG_CXX_LIBRARY = "libc++";
				CLANG_ENABLE_MODULES = YES;
				CLANG_ENABLE_OBJC_ARC = YES;
				CLANG_WARN_BLOCK_CAPTURE_AUTORELEASING = YES;
				CLANG_WARN_BOOL_CONVERSION = YES;
				CLANG_WARN_COMMA = YES;
				CLANG_WARN_CONSTANT_CONVERSION = YES;
				CLANG_WARN_DIRECT_OBJC_ISA_USAGE = YES_ERROR;
				CLANG_WARN_DOCUMENTATION_COMMENTS = YES;
				CLANG_WARN_EMPTY_BODY = YES;
				CLANG_WARN_ENUM_CONVERSION = YES;
				CLANG_WARN_INFINITE_RECURSION = YES;
				CLANG_WARN_INT_CONVERSION = YES;
				CLANG_WARN_NON_LITERAL_NULL_CONVERSION = YES;
				CLANG_WARN_OBJC_LITERAL_CONVERSION = YES;
				CLANG_WARN_OBJC_ROOT_CLASS = YES_ERROR;
				CLANG_WARN_RANGE_LOOP_ANALYSIS = YES;
				CLANG_WARN_STRICT_PROTOTYPES = YES;
				CLANG_WARN_SUSPICIOUS_MOVE = YES;
				CLANG_WARN_UNGUARDED_AVAILABILITY = YES_AGGRESSIVE;
				CLANG_WARN_UNREACHABLE_CODE = YES;
				CLANG_WARN__DUPLICATE_METHOD_MATCH = YES;
				CODE_SIGN_IDENTITY = "iPhone Developer";
				COPY_PHASE_STRIP = NO;
				DEBUG_INFORMATION_FORMAT = dwarf;
				ENABLE_STRICT_OBJC_MSGSEND = YES;
				ENABLE_TESTABILITY = YES;
				GCC_C_LANGUAGE_STANDARD = gnu11;
				GCC_DYNAMIC_NO_PIC = NO;
				GCC_NO_COMMON_BLOCKS = YES;
				GCC_OPTIMIZATION_LEVEL = 0;
				GCC_PREPROCESSOR_DEFINITIONS = (
					"DEBUG=1",
					"$(inherited)",
				);
				GCC_WARN_64_TO_32_BIT_CONVERSION = YES;
				GCC_WARN_ABOUT_RETURN_TYPE = YES_ERROR;
				GCC_WARN_UNDECLARED_SELECTOR = YES;
				GCC_WARN_UNINITIALIZED_AUTOS = YES_AGGRESSIVE;
				GCC_WARN_UNUSED_FUNCTION = YES;
				GCC_WARN_UNUSED_VARIABLE = YES;
				IPHONEOS_DEPLOYMENT_TARGET = 11.2;
				MTL_ENABLE_DEBUG_INFO = YES;
				ONLY_ACTIVE_ARCH = YES;
				SDKROOT = iphoneos;
			};
			name = Debug;
		};
		1E48A1481FFF20E700D69ECF /* Release */ = {
			isa = XCBuildConfiguration;
			buildSettings = {
				ALWAYS_SEARCH_USER_PATHS = NO;
				CLANG_ANALYZER_NONNULL = YES;
				CLANG_ANALYZER_NUMBER_OBJECT_CONVERSION = YES_AGGRESSIVE;
				CLANG_CXX_LANGUAGE_STANDARD = "gnu++14";
				CLANG_CXX_LIBRARY = "libc++";
				CLANG_ENABLE_MODULES = YES;
				CLANG_ENABLE_OBJC_ARC = YES;
				CLANG_WARN_BLOCK_CAPTURE_AUTORELEASING = YES;
				CLANG_WARN_BOOL_CONVERSION = YES;
				CLANG_WARN_COMMA = YES;
				CLANG_WARN_CONSTANT_CONVERSION = YES;
				CLANG_WARN_DIRECT_OBJC_ISA_USAGE = YES_ERROR;
				CLANG_WARN_DOCUMENTATION_COMMENTS = YES;
				CLANG_WARN_EMPTY_BODY = YES;
				CLANG_WARN_ENUM_CONVERSION = YES;
				CLANG_WARN_INFINITE_RECURSION = YES;
				CLANG_WARN_INT_CONVERSION = YES;
				CLANG_WARN_NON_LITERAL_NULL_CONVERSION = YES;
				CLANG_WARN_OBJC_LITERAL_CONVERSION = YES;
				CLANG_WARN_OBJC_ROOT_CLASS = YES_ERROR;
				CLANG_WARN_RANGE_LOOP_ANALYSIS = YES;
				CLANG_WARN_STRICT_PROTOTYPES = YES;
				CLANG_WARN_SUSPICIOUS_MOVE = YES;
				CLANG_WARN_UNGUARDED_AVAILABILITY = YES_AGGRESSIVE;
				CLANG_WARN_UNREACHABLE_CODE = YES;
				CLANG_WARN__DUPLICATE_METHOD_MATCH = YES;
				CODE_SIGN_IDENTITY = "iPhone Developer";
				COPY_PHASE_STRIP = NO;
				DEBUG_INFORMATION_FORMAT = "dwarf-with-dsym";
				ENABLE_NS_ASSERTIONS = NO;
				ENABLE_STRICT_OBJC_MSGSEND = YES;
				GCC_C_LANGUAGE_STANDARD = gnu11;
				GCC_NO_COMMON_BLOCKS = YES;
				GCC_WARN_64_TO_32_BIT_CONVERSION = YES;
				GCC_WARN_ABOUT_RETURN_TYPE = YES_ERROR;
				GCC_WARN_UNDECLARED_SELECTOR = YES;
				GCC_WARN_UNINITIALIZED_AUTOS = YES_AGGRESSIVE;
				GCC_WARN_UNUSED_FUNCTION = YES;
				GCC_WARN_UNUSED_VARIABLE = YES;
				IPHONEOS_DEPLOYMENT_TARGET = 11.2;
				MTL_ENABLE_DEBUG_INFO = NO;
				SDKROOT = iphoneos;
				VALIDATE_PRODUCT = YES;
			};
			name = Release;
		};
		1E48A14A1FFF20E700D69ECF /* Debug */ = {
			isa = XCBuildConfiguration;
			buildSettings = {
				ASSETCATALOG_COMPILER_APPICON_NAME = AppIcon;
				CODE_SIGN_STYLE = Automatic;
				DEVELOPMENT_TEAM = 3V39Q7F96X;
				INFOPLIST_FILE = STNews/Info.plist;
				LD_RUNPATH_SEARCH_PATHS = "$(inherited) @executable_path/Frameworks";
				PRODUCT_BUNDLE_IDENTIFIER = suntao.STNews;
				PRODUCT_NAME = "$(TARGET_NAME)";
				TARGETED_DEVICE_FAMILY = "1,2";
			};
			name = Debug;
		};
		1E48A14B1FFF20E700D69ECF /* Release */ = {
			isa = XCBuildConfiguration;
			buildSettings = {
				ASSETCATALOG_COMPILER_APPICON_NAME = AppIcon;
				CODE_SIGN_STYLE = Automatic;
				DEVELOPMENT_TEAM = 3V39Q7F96X;
				INFOPLIST_FILE = STNews/Info.plist;
				LD_RUNPATH_SEARCH_PATHS = "$(inherited) @executable_path/Frameworks";
				PRODUCT_BUNDLE_IDENTIFIER = suntao.STNews;
				PRODUCT_NAME = "$(TARGET_NAME)";
				TARGETED_DEVICE_FAMILY = "1,2";
			};
			name = Release;
		};
		1E48A14D1FFF20E700D69ECF /* Debug */ = {
			isa = XCBuildConfiguration;
			buildSettings = {
				BUNDLE_LOADER = "$(TEST_HOST)";
				CODE_SIGN_STYLE = Automatic;
				DEVELOPMENT_TEAM = 3V39Q7F96X;
				INFOPLIST_FILE = STNewsTests/Info.plist;
				LD_RUNPATH_SEARCH_PATHS = "$(inherited) @executable_path/Frameworks @loader_path/Frameworks";
				PRODUCT_BUNDLE_IDENTIFIER = suntao.STNewsTests;
				PRODUCT_NAME = "$(TARGET_NAME)";
				TARGETED_DEVICE_FAMILY = "1,2";
				TEST_HOST = "$(BUILT_PRODUCTS_DIR)/STNews.app/STNews";
			};
			name = Debug;
		};
		1E48A14E1FFF20E700D69ECF /* Release */ = {
			isa = XCBuildConfiguration;
			buildSettings = {
				BUNDLE_LOADER = "$(TEST_HOST)";
				CODE_SIGN_STYLE = Automatic;
				DEVELOPMENT_TEAM = 3V39Q7F96X;
				INFOPLIST_FILE = STNewsTests/Info.plist;
				LD_RUNPATH_SEARCH_PATHS = "$(inherited) @executable_path/Frameworks @loader_path/Frameworks";
				PRODUCT_BUNDLE_IDENTIFIER = suntao.STNewsTests;
				PRODUCT_NAME = "$(TARGET_NAME)";
				TARGETED_DEVICE_FAMILY = "1,2";
				TEST_HOST = "$(BUILT_PRODUCTS_DIR)/STNews.app/STNews";
			};
			name = Release;
		};
/* End XCBuildConfiguration section */

/* Begin XCConfigurationList section */
		1E48A1201FFF20E600D69ECF /* Build configuration list for PBXProject "STNews" */ = {
			isa = XCConfigurationList;
			buildConfigurations = (
				1E48A1471FFF20E700D69ECF /* Debug */,
				1E48A1481FFF20E700D69ECF /* Release */,
			);
			defaultConfigurationIsVisible = 0;
			defaultConfigurationName = Release;
		};
		1E48A1491FFF20E700D69ECF /* Build configuration list for PBXNativeTarget "STNews" */ = {
			isa = XCConfigurationList;
			buildConfigurations = (
				1E48A14A1FFF20E700D69ECF /* Debug */,
				1E48A14B1FFF20E700D69ECF /* Release */,
			);
			defaultConfigurationIsVisible = 0;
			defaultConfigurationName = Release;
		};
		1E48A14C1FFF20E700D69ECF /* Build configuration list for PBXNativeTarget "STNewsTests" */ = {
			isa = XCConfigurationList;
			buildConfigurations = (
				1E48A14D1FFF20E700D69ECF /* Debug */,
				1E48A14E1FFF20E700D69ECF /* Release */,
			);
			defaultConfigurationIsVisible = 0;
			defaultConfigurationName = Release;
		};
/* End XCConfigurationList section */

/* Begin XCVersionGroup section */
		1E48A1311FFF20E600D69ECF /* STNews.xcdatamodeld */ = {
			isa = XCVersionGroup;
			children = (
				1E48A1321FFF20E600D69ECF /* STNews.xcdatamodel */,
			);
			currentVersion = 1E48A1321FFF20E600D69ECF /* STNews.xcdatamodel */;
			path = STNews.xcdatamodeld;
			sourceTree = "<group>";
			versionGroupType = wrapper.xcdatamodel;
		};
/* End XCVersionGroup section */
	};
	rootObject = 1E48A11D1FFF20E600D69ECF /* Project object */;
}
