// !$*UTF8*$!
{
	archiveVersion = 1;
	classes = {
	};
	objectVersion = 48;
	objects = {

/* Begin PBXBuildFile section */
		1E2BD14F20009955009DA12D /* STConst.m in Sources */ = {isa = PBXBuildFile; fileRef = 1E2BD14E20009955009DA12D /* STConst.m */; };
		1E2BD15120009AA5009DA12D /* NewsURLs.plist in Resources */ = {isa = PBXBuildFile; fileRef = 1E2BD15020009AA5009DA12D /* NewsURLs.plist */; };
		1E2BD1572000AAF9009DA12D /* NewsController.xib in Resources */ = {isa = PBXBuildFile; fileRef = 1E2BD1562000AAF9009DA12D /* NewsController.xib */; };
		1E2BD15A2000AFAE009DA12D /* STTitleLablel.m in Sources */ = {isa = PBXBuildFile; fileRef = 1E2BD1592000AFAE009DA12D /* STTitleLablel.m */; };
		1E48A12A1FFF20E600D69ECF /* AppDelegate.m in Sources */ = {isa = PBXBuildFile; fileRef = 1E48A1291FFF20E600D69ECF /* AppDelegate.m */; };
		1E48A12D1FFF20E600D69ECF /* ViewController.m in Sources */ = {isa = PBXBuildFile; fileRef = 1E48A12C1FFF20E600D69ECF /* ViewController.m */; };
		1E48A1301FFF20E600D69ECF /* Main.storyboard in Resources */ = {isa = PBXBuildFile; fileRef = 1E48A12E1FFF20E600D69ECF /* Main.storyboard */; };
		1E48A1331FFF20E600D69ECF /* STNews.xcdatamodeld in Sources */ = {isa = PBXBuildFile; fileRef = 1E48A1311FFF20E600D69ECF /* STNews.xcdatamodeld */; };
		1E48A1351FFF20E600D69ECF /* Assets.xcassets in Resources */ = {isa = PBXBuildFile; fileRef = 1E48A1341FFF20E600D69ECF /* Assets.xcassets */; };
		1E48A1381FFF20E600D69ECF /* LaunchScreen.storyboard in Resources */ = {isa = PBXBuildFile; fileRef = 1E48A1361FFF20E600D69ECF /* LaunchScreen.storyboard */; };
		1E48A13B1FFF20E600D69ECF /* main.m in Sources */ = {isa = PBXBuildFile; fileRef = 1E48A13A1FFF20E600D69ECF /* main.m */; };
		1E48A1451FFF20E700D69ECF /* STNewsTests.m in Sources */ = {isa = PBXBuildFile; fileRef = 1E48A1441FFF20E700D69ECF /* STNewsTests.m */; };
		1E48A1581FFF527800D69ECF /* libstdc++.tbd in Frameworks */ = {isa = PBXBuildFile; fileRef = 1E48A1571FFF527800D69ECF /* libstdc++.tbd */; };
		1E48A15A1FFF528400D69ECF /* libz.tbd in Frameworks */ = {isa = PBXBuildFile; fileRef = 1E48A1591FFF528400D69ECF /* libz.tbd */; };
		1E48A15C1FFF529C00D69ECF /* CoreData.framework in Frameworks */ = {isa = PBXBuildFile; fileRef = 1E48A15B1FFF529C00D69ECF /* CoreData.framework */; };
		1E48A15E1FFF52B000D69ECF /* CoreTelephony.framework in Frameworks */ = {isa = PBXBuildFile; fileRef = 1E48A15D1FFF52B000D69ECF /* CoreTelephony.framework */; };
		1E48A1601FFF52B800D69ECF /* SystemConfiguration.framework in Frameworks */ = {isa = PBXBuildFile; fileRef = 1E48A15F1FFF52B800D69ECF /* SystemConfiguration.framework */; };
		1E48A1681FFF544700D69ECF /* NSDate+STExtension.m in Sources */ = {isa = PBXBuildFile; fileRef = 1E48A1631FFF544700D69ECF /* NSDate+STExtension.m */; };
		1E48A1691FFF544700D69ECF /* UIBarButtonItem+STExtension.m in Sources */ = {isa = PBXBuildFile; fileRef = 1E48A1651FFF544700D69ECF /* UIBarButtonItem+STExtension.m */; };
		1E48A16A1FFF544700D69ECF /* UIView+STExtension.m in Sources */ = {isa = PBXBuildFile; fileRef = 1E48A1671FFF544700D69ECF /* UIView+STExtension.m */; };
		1E48A16C1FFF560500D69ECF /* Foundation+Log.m in Sources */ = {isa = PBXBuildFile; fileRef = 1E48A16B1FFF560500D69ECF /* Foundation+Log.m */; };
		1E48A1791FFF577600D69ECF /* STNavigationController.m in Sources */ = {isa = PBXBuildFile; fileRef = 1E48A1701FFF577600D69ECF /* STNavigationController.m */; };
		1E48A17A1FFF577600D69ECF /* STTabBarController.m in Sources */ = {isa = PBXBuildFile; fileRef = 1E48A1721FFF577600D69ECF /* STTabBarController.m */; };
		1E48A1831FFF5BE600D69ECF /* STPushGuideView.xib in Resources */ = {isa = PBXBuildFile; fileRef = 1E48A17E1FFF5BE500D69ECF /* STPushGuideView.xib */; };
		1E48A1841FFF5BE600D69ECF /* STPushGuideView.m in Sources */ = {isa = PBXBuildFile; fileRef = 1E48A17F1FFF5BE500D69ECF /* STPushGuideView.m */; };
		1E48A1851FFF5BE600D69ECF /* STTabBar.m in Sources */ = {isa = PBXBuildFile; fileRef = 1E48A1801FFF5BE500D69ECF /* STTabBar.m */; };
		1E48A1891FFF5D4800D69ECF /* NewsController.m in Sources */ = {isa = PBXBuildFile; fileRef = 1E48A1871FFF5D4800D69ECF /* NewsController.m */; };
		1E48A18F1FFF5DA200D69ECF /* ListenController.m in Sources */ = {isa = PBXBuildFile; fileRef = 1E48A18D1FFF5DA200D69ECF /* ListenController.m */; };
		1E48A1901FFF5DA200D69ECF /* ListenController.xib in Resources */ = {isa = PBXBuildFile; fileRef = 1E48A18E1FFF5DA200D69ECF /* ListenController.xib */; };
		1E48A1941FFF5DC200D69ECF /* ReadController.m in Sources */ = {isa = PBXBuildFile; fileRef = 1E48A1921FFF5DC200D69ECF /* ReadController.m */; };
		1E48A1951FFF5DC200D69ECF /* ReadController.xib in Resources */ = {isa = PBXBuildFile; fileRef = 1E48A1931FFF5DC200D69ECF /* ReadController.xib */; };
		1E48A1991FFF5DF200D69ECF /* FindController.m in Sources */ = {isa = PBXBuildFile; fileRef = 1E48A1971FFF5DF200D69ECF /* FindController.m */; };
		1E48A19A1FFF5DF200D69ECF /* FindController.xib in Resources */ = {isa = PBXBuildFile; fileRef = 1E48A1981FFF5DF200D69ECF /* FindController.xib */; };
		1E48A19E1FFF5E0700D69ECF /* MineController.m in Sources */ = {isa = PBXBuildFile; fileRef = 1E48A19C1FFF5E0700D69ECF /* MineController.m */; };
		1E48A19F1FFF5E0700D69ECF /* MineController.xib in Resources */ = {isa = PBXBuildFile; fileRef = 1E48A19D1FFF5E0700D69ECF /* MineController.xib */; };
		1EF54ABD20006BA50020F767 /* NewsTableController.m in Sources */ = {isa = PBXBuildFile; fileRef = 1EF54ABB20006BA50020F767 /* NewsTableController.m */; };
		1EF54AC020006C7E0020F767 /* NewsTableController.storyboard in Resources */ = {isa = PBXBuildFile; fileRef = 1EF54ABF20006C7E0020F767 /* NewsTableController.storyboard */; };
		B7CABD316AC991F90C9F28D5 /* libPods-STNews.a in Frameworks */ = {isa = PBXBuildFile; fileRef = 7774D32893984A247DD0F13D /* libPods-STNews.a */; };
/* End PBXBuildFile section */

/* Begin PBXContainerItemProxy section */
		1E48A1411FFF20E700D69ECF /* PBXContainerItemProxy */ = {
			isa = PBXContainerItemProxy;
			containerPortal = 1E48A11D1FFF20E600D69ECF /* Project object */;
			proxyType = 1;
			remoteGlobalIDString = 1E48A1241FFF20E600D69ECF;
			remoteInfo = STNews;
		};
/* End PBXContainerItemProxy section */

/* Begin PBXFileReference section */
		1E2BD14D20009955009DA12D /* STConst.h */ = {isa = PBXFileReference; lastKnownFileType = sourcecode.c.h; path = STConst.h; sourceTree = "<group>"; };
		1E2BD14E20009955009DA12D /* STConst.m */ = {isa = PBXFileReference; lastKnownFileType = sourcecode.c.objc; path = STConst.m; sourceTree = "<group>"; };
		1E2BD15020009AA5009DA12D /* NewsURLs.plist */ = {isa = PBXFileReference; fileEncoding = 4; lastKnownFileType = text.plist.xml; path = NewsURLs.plist; sourceTree = "<group>"; };
		1E2BD1562000AAF9009DA12D /* NewsController.xib */ = {isa = PBXFileReference; lastKnownFileType = file.xib; path = NewsController.xib; sourceTree = "<group>"; };
		1E2BD1582000AFAE009DA12D /* STTitleLablel.h */ = {isa = PBXFileReference; lastKnownFileType = sourcecode.c.h; path = STTitleLablel.h; sourceTree = "<group>"; };
		1E2BD1592000AFAE009DA12D /* STTitleLablel.m */ = {isa = PBXFileReference; lastKnownFileType = sourcecode.c.objc; path = STTitleLablel.m; sourceTree = "<group>"; };
		1E48A1251FFF20E600D69ECF /* STNews.app */ = {isa = PBXFileReference; explicitFileType = wrapper.application; includeInIndex = 0; path = STNews.app; sourceTree = BUILT_PRODUCTS_DIR; };
		1E48A1281FFF20E600D69ECF /* AppDelegate.h */ = {isa = PBXFileReference; lastKnownFileType = sourcecode.c.h; path = AppDelegate.h; sourceTree = "<group>"; };
		1E48A1291FFF20E600D69ECF /* AppDelegate.m */ = {isa = PBXFileReference; lastKnownFileType = sourcecode.c.objc; path = AppDelegate.m; sourceTree = "<group>"; };
		1E48A12B1FFF20E600D69ECF /* ViewController.h */ = {isa = PBXFileReference; lastKnownFileType = sourcecode.c.h; path = ViewController.h; sourceTree = "<group>"; };
		1E48A12C1FFF20E600D69ECF /* ViewController.m */ = {isa = PBXFileReference; lastKnownFileType = sourcecode.c.objc; path = ViewController.m; sourceTree = "<group>"; };
		1E48A12F1FFF20E600D69ECF /* Base */ = {isa = PBXFileReference; lastKnownFileType = file.storyboard; name = Base; path = Base.lproj/Main.storyboard; sourceTree = "<group>"; };
		1E48A1321FFF20E600D69ECF /* STNews.xcdatamodel */ = {isa = PBXFileReference; lastKnownFileType = wrapper.xcdatamodel; path = STNews.xcdatamodel; sourceTree = "<group>"; };
		1E48A1341FFF20E600D69ECF /* Assets.xcassets */ = {isa = PBXFileReference; lastKnownFileType = folder.assetcatalog; path = Assets.xcassets; sourceTree = "<group>"; };
		1E48A1371FFF20E600D69ECF /* Base */ = {isa = PBXFileReference; lastKnownFileType = file.storyboard; name = Base; path = Base.lproj/LaunchScreen.storyboard; sourceTree = "<group>"; };
		1E48A1391FFF20E600D69ECF /* Info.plist */ = {isa = PBXFileReference; lastKnownFileType = text.plist.xml; path = Info.plist; sourceTree = "<group>"; };
		1E48A13A1FFF20E600D69ECF /* main.m */ = {isa = PBXFileReference; lastKnownFileType = sourcecode.c.objc; path = main.m; sourceTree = "<group>"; };
		1E48A1401FFF20E700D69ECF /* STNewsTests.xctest */ = {isa = PBXFileReference; explicitFileType = wrapper.cfbundle; includeInIndex = 0; path = STNewsTests.xctest; sourceTree = BUILT_PRODUCTS_DIR; };
		1E48A1441FFF20E700D69ECF /* STNewsTests.m */ = {isa = PBXFileReference; lastKnownFileType = sourcecode.c.objc; path = STNewsTests.m; sourceTree = "<group>"; };
		1E48A1461FFF20E700D69ECF /* Info.plist */ = {isa = PBXFileReference; lastKnownFileType = text.plist.xml; path = Info.plist; sourceTree = "<group>"; };
		1E48A1551FFF517900D69ECF /* NewsPrefix.pch */ = {isa = PBXFileReference; lastKnownFileType = sourcecode.c.h; path = NewsPrefix.pch; sourceTree = "<group>"; };
		1E48A1561FFF51EA00D69ECF /* STEasyMacro.h */ = {isa = PBXFileReference; lastKnownFileType = sourcecode.c.h; path = STEasyMacro.h; sourceTree = "<group>"; };
		1E48A1571FFF527800D69ECF /* libstdc++.tbd */ = {isa = PBXFileReference; lastKnownFileType = "sourcecode.text-based-dylib-definition"; name = "libstdc++.tbd"; path = "usr/lib/libstdc++.tbd"; sourceTree = SDKROOT; };
		1E48A1591FFF528400D69ECF /* libz.tbd */ = {isa = PBXFileReference; lastKnownFileType = "sourcecode.text-based-dylib-definition"; name = libz.tbd; path = usr/lib/libz.tbd; sourceTree = SDKROOT; };
		1E48A15B1FFF529C00D69ECF /* CoreData.framework */ = {isa = PBXFileReference; lastKnownFileType = wrapper.framework; name = CoreData.framework; path = System/Library/Frameworks/CoreData.framework; sourceTree = SDKROOT; };
		1E48A15D1FFF52B000D69ECF /* CoreTelephony.framework */ = {isa = PBXFileReference; lastKnownFileType = wrapper.framework; name = CoreTelephony.framework; path = System/Library/Frameworks/CoreTelephony.framework; sourceTree = SDKROOT; };
		1E48A15F1FFF52B800D69ECF /* SystemConfiguration.framework */ = {isa = PBXFileReference; lastKnownFileType = wrapper.framework; name = SystemConfiguration.framework; path = System/Library/Frameworks/SystemConfiguration.framework; sourceTree = SDKROOT; };
		1E48A1621FFF544700D69ECF /* NSDate+STExtension.h */ = {isa = PBXFileReference; fileEncoding = 4; lastKnownFileType = sourcecode.c.h; path = "NSDate+STExtension.h"; sourceTree = "<group>"; };
		1E48A1631FFF544700D69ECF /* NSDate+STExtension.m */ = {isa = PBXFileReference; fileEncoding = 4; lastKnownFileType = sourcecode.c.objc; path = "NSDate+STExtension.m"; sourceTree = "<group>"; };
		1E48A1641FFF544700D69ECF /* UIBarButtonItem+STExtension.h */ = {isa = PBXFileReference; fileEncoding = 4; lastKnownFileType = sourcecode.c.h; path = "UIBarButtonItem+STExtension.h"; sourceTree = "<group>"; };
		1E48A1651FFF544700D69ECF /* UIBarButtonItem+STExtension.m */ = {isa = PBXFileReference; fileEncoding = 4; lastKnownFileType = sourcecode.c.objc; path = "UIBarButtonItem+STExtension.m"; sourceTree = "<group>"; };
		1E48A1661FFF544700D69ECF /* UIView+STExtension.h */ = {isa = PBXFileReference; fileEncoding = 4; lastKnownFileType = sourcecode.c.h; path = "UIView+STExtension.h"; sourceTree = "<group>"; };
		1E48A1671FFF544700D69ECF /* UIView+STExtension.m */ = {isa = PBXFileReference; fileEncoding = 4; lastKnownFileType = sourcecode.c.objc; path = "UIView+STExtension.m"; sourceTree = "<group>"; };
		1E48A16B1FFF560500D69ECF /* Foundation+Log.m */ = {isa = PBXFileReference; fileEncoding = 4; lastKnownFileType = sourcecode.c.objc; path = "Foundation+Log.m"; sourceTree = "<group>"; };
		1E48A16F1FFF577600D69ECF /* STNavigationController.h */ = {isa = PBXFileReference; fileEncoding = 4; lastKnownFileType = sourcecode.c.h; path = STNavigationController.h; sourceTree = "<group>"; };
		1E48A1701FFF577600D69ECF /* STNavigationController.m */ = {isa = PBXFileReference; fileEncoding = 4; lastKnownFileType = sourcecode.c.objc; path = STNavigationController.m; sourceTree = "<group>"; };
		1E48A1711FFF577600D69ECF /* STTabBarController.h */ = {isa = PBXFileReference; fileEncoding = 4; lastKnownFileType = sourcecode.c.h; path = STTabBarController.h; sourceTree = "<group>"; };
		1E48A1721FFF577600D69ECF /* STTabBarController.m */ = {isa = PBXFileReference; fileEncoding = 4; lastKnownFileType = sourcecode.c.objc; path = STTabBarController.m; sourceTree = "<group>"; };
		1E48A17E1FFF5BE500D69ECF /* STPushGuideView.xib */ = {isa = PBXFileReference; fileEncoding = 4; lastKnownFileType = file.xib; path = STPushGuideView.xib; sourceTree = "<group>"; };
		1E48A17F1FFF5BE500D69ECF /* STPushGuideView.m */ = {isa = PBXFileReference; fileEncoding = 4; lastKnownFileType = sourcecode.c.objc; path = STPushGuideView.m; sourceTree = "<group>"; };
		1E48A1801FFF5BE500D69ECF /* STTabBar.m */ = {isa = PBXFileReference; fileEncoding = 4; lastKnownFileType = sourcecode.c.objc; path = STTabBar.m; sourceTree = "<group>"; };
		1E48A1811FFF5BE500D69ECF /* STTabBar.h */ = {isa = PBXFileReference; fileEncoding = 4; lastKnownFileType = sourcecode.c.h; path = STTabBar.h; sourceTree = "<group>"; };
		1E48A1821FFF5BE500D69ECF /* STPushGuideView.h */ = {isa = PBXFileReference; fileEncoding = 4; lastKnownFileType = sourcecode.c.h; path = STPushGuideView.h; sourceTree = "<group>"; };
		1E48A1861FFF5D4800D69ECF /* NewsController.h */ = {isa = PBXFileReference; lastKnownFileType = sourcecode.c.h; path = NewsController.h; sourceTree = "<group>"; };
		1E48A1871FFF5D4800D69ECF /* NewsController.m */ = {isa = PBXFileReference; lastKnownFileType = sourcecode.c.objc; path = NewsController.m; sourceTree = "<group>"; };
		1E48A18C1FFF5DA200D69ECF /* ListenController.h */ = {isa = PBXFileReference; lastKnownFileType = sourcecode.c.h; path = ListenController.h; sourceTree = "<group>"; };
		1E48A18D1FFF5DA200D69ECF /* ListenController.m */ = {isa = PBXFileReference; lastKnownFileType = sourcecode.c.objc; path = ListenController.m; sourceTree = "<group>"; };
		1E48A18E1FFF5DA200D69ECF /* ListenController.xib */ = {isa = PBXFileReference; lastKnownFileType = file.xib; path = ListenController.xib; sourceTree = "<group>"; };
		1E48A1911FFF5DC200D69ECF /* ReadController.h */ = {isa = PBXFileReference; lastKnownFileType = sourcecode.c.h; path = ReadController.h; sourceTree = "<group>"; };
		1E48A1921FFF5DC200D69ECF /* ReadController.m */ = {isa = PBXFileReference; lastKnownFileType = sourcecode.c.objc; path = ReadController.m; sourceTree = "<group>"; };
		1E48A1931FFF5DC200D69ECF /* ReadController.xib */ = {isa = PBXFileReference; lastKnownFileType = file.xib; path = ReadController.xib; sourceTree = "<group>"; };
		1E48A1961FFF5DF200D69ECF /* FindController.h */ = {isa = PBXFileReference; lastKnownFileType = sourcecode.c.h; path = FindController.h; sourceTree = "<group>"; };
		1E48A1971FFF5DF200D69ECF /* FindController.m */ = {isa = PBXFileReference; lastKnownFileType = sourcecode.c.objc; path = FindController.m; sourceTree = "<group>"; };
		1E48A1981FFF5DF200D69ECF /* FindController.xib */ = {isa = PBXFileReference; lastKnownFileType = file.xib; path = FindController.xib; sourceTree = "<group>"; };
		1E48A19B1FFF5E0700D69ECF /* MineController.h */ = {isa = PBXFileReference; lastKnownFileType = sourcecode.c.h; path = MineController.h; sourceTree = "<group>"; };
		1E48A19C1FFF5E0700D69ECF /* MineController.m */ = {isa = PBXFileReference; lastKnownFileType = sourcecode.c.objc; path = MineController.m; sourceTree = "<group>"; };
		1E48A19D1FFF5E0700D69ECF /* MineController.xib */ = {isa = PBXFileReference; lastKnownFileType = file.xib; path = MineController.xib; sourceTree = "<group>"; };
		1EF54ABA20006BA50020F767 /* NewsTableController.h */ = {isa = PBXFileReference; lastKnownFileType = sourcecode.c.h; path = NewsTableController.h; sourceTree = "<group>"; };
		1EF54ABB20006BA50020F767 /* NewsTableController.m */ = {isa = PBXFileReference; lastKnownFileType = sourcecode.c.objc; path = NewsTableController.m; sourceTree = "<group>"; };
		1EF54ABF20006C7E0020F767 /* NewsTableController.storyboard */ = {isa = PBXFileReference; lastKnownFileType = file.storyboard; path = NewsTableController.storyboard; sourceTree = "<group>"; };
		58FD34A26DBC9DD179C43FE3 /* Pods-STNews.debug.xcconfig */ = {isa = PBXFileReference; includeInIndex = 1; lastKnownFileType = text.xcconfig; name = "Pods-STNews.debug.xcconfig"; path = "Pods/Target Support Files/Pods-STNews/Pods-STNews.debug.xcconfig"; sourceTree = "<group>"; };
		7774D32893984A247DD0F13D /* libPods-STNews.a */ = {isa = PBXFileReference; explicitFileType = archive.ar; includeInIndex = 0; path = "libPods-STNews.a"; sourceTree = BUILT_PRODUCTS_DIR; };
		BF4E9CC7A90400878F3A16B1 /* Pods-STNews.release.xcconfig */ = {isa = PBXFileReference; includeInIndex = 1; lastKnownFileType = text.xcconfig; name = "Pods-STNews.release.xcconfig"; path = "Pods/Target Support Files/Pods-STNews/Pods-STNews.release.xcconfig"; sourceTree = "<group>"; };
/* End PBXFileReference section */

/* Begin PBXFrameworksBuildPhase section */
		1E48A1221FFF20E600D69ECF /* Frameworks */ = {
			isa = PBXFrameworksBuildPhase;
			buildActionMask = 2147483647;
			files = (
				1E48A1601FFF52B800D69ECF /* SystemConfiguration.framework in Frameworks */,
				1E48A15E1FFF52B000D69ECF /* CoreTelephony.framework in Frameworks */,
				1E48A15C1FFF529C00D69ECF /* CoreData.framework in Frameworks */,
				1E48A15A1FFF528400D69ECF /* libz.tbd in Frameworks */,
				1E48A1581FFF527800D69ECF /* libstdc++.tbd in Frameworks */,
				B7CABD316AC991F90C9F28D5 /* libPods-STNews.a in Frameworks */,
			);
			runOnlyForDeploymentPostprocessing = 0;
		};
		1E48A13D1FFF20E700D69ECF /* Frameworks */ = {
			isa = PBXFrameworksBuildPhase;
			buildActionMask = 2147483647;
			files = (
			);
			runOnlyForDeploymentPostprocessing = 0;
		};
/* End PBXFrameworksBuildPhase section */

/* Begin PBXGroup section */
		1E48A11C1FFF20E600D69ECF = {
			isa = PBXGroup;
			children = (
				1E48A1271FFF20E600D69ECF /* STNews */,
				1E48A1431FFF20E700D69ECF /* STNewsTests */,
				1E48A1261FFF20E600D69ECF /* Products */,
				52B593310F5110B9F476DAB5 /* Pods */,
				7FE6F7C6FFC535A8F0209F8B /* Frameworks */,
			);
			sourceTree = "<group>";
		};
		1E48A1261FFF20E600D69ECF /* Products */ = {
			isa = PBXGroup;
			children = (
				1E48A1251FFF20E600D69ECF /* STNews.app */,
				1E48A1401FFF20E700D69ECF /* STNewsTests.xctest */,
			);
			name = Products;
			sourceTree = "<group>";
		};
		1E48A1271FFF20E600D69ECF /* STNews */ = {
			isa = PBXGroup;
			children = (
				1E48A14F1FFF497A00D69ECF /* News */,
				1E48A1541FFF498D00D69ECF /* Tools */,
				1E48A16D1FFF577600D69ECF /* Main */,
				1E48A1281FFF20E600D69ECF /* AppDelegate.h */,
				1E48A1291FFF20E600D69ECF /* AppDelegate.m */,
				1E48A1551FFF517900D69ECF /* NewsPrefix.pch */,
				1E48A1391FFF20E600D69ECF /* Info.plist */,
				1E2BD15020009AA5009DA12D /* NewsURLs.plist */,
				1E48A1531FFF498300D69ECF /* Other */,
			);
			path = STNews;
			sourceTree = "<group>";
		};
		1E48A1431FFF20E700D69ECF /* STNewsTests */ = {
			isa = PBXGroup;
			children = (
				1E48A1441FFF20E700D69ECF /* STNewsTests.m */,
				1E48A1461FFF20E700D69ECF /* Info.plist */,
			);
			path = STNewsTests;
			sourceTree = "<group>";
		};
		1E48A14F1FFF497A00D69ECF /* News */ = {
			isa = PBXGroup;
			children = (
				1E48A18B1FFF5D8300D69ECF /* OtherVC */,
				1E48A1501FFF497A00D69ECF /* Controller */,
				1E48A1511FFF497A00D69ECF /* Model */,
				1E48A1521FFF497A00D69ECF /* View */,
			);
			path = News;
			sourceTree = "<group>";
		};
		1E48A1501FFF497A00D69ECF /* Controller */ = {
			isa = PBXGroup;
			children = (
				1E48A1861FFF5D4800D69ECF /* NewsController.h */,
				1E48A1871FFF5D4800D69ECF /* NewsController.m */,
				1E2BD1562000AAF9009DA12D /* NewsController.xib */,
				1EF54ABA20006BA50020F767 /* NewsTableController.h */,
				1EF54ABB20006BA50020F767 /* NewsTableController.m */,
				1EF54ABF20006C7E0020F767 /* NewsTableController.storyboard */,
			);
			path = Controller;
			sourceTree = "<group>";
		};
		1E48A1511FFF497A00D69ECF /* Model */ = {
			isa = PBXGroup;
			children = (
			);
			path = Model;
			sourceTree = "<group>";
		};
		1E48A1521FFF497A00D69ECF /* View */ = {
			isa = PBXGroup;
			children = (
			);
			path = View;
			sourceTree = "<group>";
		};
		1E48A1531FFF498300D69ECF /* Other */ = {
			isa = PBXGroup;
			children = (
				1E48A12B1FFF20E600D69ECF /* ViewController.h */,
				1E48A12C1FFF20E600D69ECF /* ViewController.m */,
				1E48A1341FFF20E600D69ECF /* Assets.xcassets */,
				1E48A1361FFF20E600D69ECF /* LaunchScreen.storyboard */,
				1E48A13A1FFF20E600D69ECF /* main.m */,
				1E48A12E1FFF20E600D69ECF /* Main.storyboard */,
				1E48A1311FFF20E600D69ECF /* STNews.xcdatamodeld */,
			);
			path = Other;
			sourceTree = "<group>";
		};
		1E48A1541FFF498D00D69ECF /* Tools */ = {
			isa = PBXGroup;
			children = (
				1E48A1611FFF544700D69ECF /* Category */,
				1E48A1561FFF51EA00D69ECF /* STEasyMacro.h */,
				1E2BD14D20009955009DA12D /* STConst.h */,
				1E2BD14E20009955009DA12D /* STConst.m */,
				1E48A16B1FFF560500D69ECF /* Foundation+Log.m */,
			);
			path = Tools;
			sourceTree = "<group>";
		};
		1E48A1611FFF544700D69ECF /* Category */ = {
			isa = PBXGroup;
			children = (
				1E48A1621FFF544700D69ECF /* NSDate+STExtension.h */,
				1E48A1631FFF544700D69ECF /* NSDate+STExtension.m */,
				1E48A1641FFF544700D69ECF /* UIBarButtonItem+STExtension.h */,
				1E48A1651FFF544700D69ECF /* UIBarButtonItem+STExtension.m */,
				1E48A1661FFF544700D69ECF /* UIView+STExtension.h */,
				1E48A1671FFF544700D69ECF /* UIView+STExtension.m */,
				1E2BD1582000AFAE009DA12D /* STTitleLablel.h */,
				1E2BD1592000AFAE009DA12D /* STTitleLablel.m */,
			);
			path = Category;
			sourceTree = "<group>";
		};
		1E48A16D1FFF577600D69ECF /* Main */ = {
			isa = PBXGroup;
			children = (
				1E48A16E1FFF577600D69ECF /* Controller */,
				1E48A1731FFF577600D69ECF /* View */,
			);
			path = Main;
			sourceTree = "<group>";
		};
		1E48A16E1FFF577600D69ECF /* Controller */ = {
			isa = PBXGroup;
			children = (
				1E48A16F1FFF577600D69ECF /* STNavigationController.h */,
				1E48A1701FFF577600D69ECF /* STNavigationController.m */,
				1E48A1711FFF577600D69ECF /* STTabBarController.h */,
				1E48A1721FFF577600D69ECF /* STTabBarController.m */,
			);
			path = Controller;
			sourceTree = "<group>";
		};
		1E48A1731FFF577600D69ECF /* View */ = {
			isa = PBXGroup;
			children = (
				1E48A1821FFF5BE500D69ECF /* STPushGuideView.h */,
				1E48A17F1FFF5BE500D69ECF /* STPushGuideView.m */,
				1E48A17E1FFF5BE500D69ECF /* STPushGuideView.xib */,
				1E48A1811FFF5BE500D69ECF /* STTabBar.h */,
				1E48A1801FFF5BE500D69ECF /* STTabBar.m */,
			);
			path = View;
			sourceTree = "<group>";
		};
		1E48A18B1FFF5D8300D69ECF /* OtherVC */ = {
			isa = PBXGroup;
			children = (
				1E48A18C1FFF5DA200D69ECF /* ListenController.h */,
				1E48A18D1FFF5DA200D69ECF /* ListenController.m */,
				1E48A18E1FFF5DA200D69ECF /* ListenController.xib */,
				1E48A1911FFF5DC200D69ECF /* ReadController.h */,
				1E48A1921FFF5DC200D69ECF /* ReadController.m */,
				1E48A1931FFF5DC200D69ECF /* ReadController.xib */,
				1E48A1961FFF5DF200D69ECF /* FindController.h */,
				1E48A1971FFF5DF200D69ECF /* FindController.m */,
				1E48A1981FFF5DF200D69ECF /* FindController.xib */,
				1E48A19B1FFF5E0700D69ECF /* MineController.h */,
				1E48A19C1FFF5E0700D69ECF /* MineController.m */,
				1E48A19D1FFF5E0700D69ECF /* MineController.xib */,
			);
			path = OtherVC;
			sourceTree = "<group>";
		};
		52B593310F5110B9F476DAB5 /* Pods */ = {
			isa = PBXGroup;
			children = (
				58FD34A26DBC9DD179C43FE3 /* Pods-STNews.debug.xcconfig */,
				BF4E9CC7A90400878F3A16B1 /* Pods-STNews.release.xcconfig */,
			);
			name = Pods;
			sourceTree = "<group>";
		};
		7FE6F7C6FFC535A8F0209F8B /* Frameworks */ = {
			isa = PBXGroup;
			children = (
				1E48A15F1FFF52B800D69ECF /* SystemConfiguration.framework */,
				1E48A15D1FFF52B000D69ECF /* CoreTelephony.framework */,
				1E48A15B1FFF529C00D69ECF /* CoreData.framework */,
				1E48A1591FFF528400D69ECF /* libz.tbd */,
				1E48A1571FFF527800D69ECF /* libstdc++.tbd */,
				7774D32893984A247DD0F13D /* libPods-STNews.a */,
			);
			name = Frameworks;
			sourceTree = "<group>";
		};
/* End PBXGroup section */

/* Begin PBXNativeTarget section */
		1E48A1241FFF20E600D69ECF /* STNews */ = {
			isa = PBXNativeTarget;
			buildConfigurationList = 1E48A1491FFF20E700D69ECF /* Build configuration list for PBXNativeTarget "STNews" */;
			buildPhases = (
				334A945AEA788BA729DB8099 /* [CP] Check Pods Manifest.lock */,
				1E48A1211FFF20E600D69ECF /* Sources */,
				1E48A1221FFF20E600D69ECF /* Frameworks */,
				1E48A1231FFF20E600D69ECF /* Resources */,
				16E597019E2E83BDC1237639 /* [CP] Embed Pods Frameworks */,
				25171590791A1E4A9E7F3107 /* [CP] Copy Pods Resources */,
			);
			buildRules = (
			);
			dependencies = (
			);
			name = STNews;
			productName = STNews;
			productReference = 1E48A1251FFF20E600D69ECF /* STNews.app */;
			productType = "com.apple.product-type.application";
		};
		1E48A13F1FFF20E700D69ECF /* STNewsTests */ = {
			isa = PBXNativeTarget;
			buildConfigurationList = 1E48A14C1FFF20E700D69ECF /* Build configuration list for PBXNativeTarget "STNewsTests" */;
			buildPhases = (
				1E48A13C1FFF20E700D69ECF /* Sources */,
				1E48A13D1FFF20E700D69ECF /* Frameworks */,
				1E48A13E1FFF20E700D69ECF /* Resources */,
			);
			buildRules = (
			);
			dependencies = (
				1E48A1421FFF20E700D69ECF /* PBXTargetDependency */,
			);
			name = STNewsTests;
			productName = STNewsTests;
			productReference = 1E48A1401FFF20E700D69ECF /* STNewsTests.xctest */;
			productType = "com.apple.product-type.bundle.unit-test";
		};
/* End PBXNativeTarget section */

/* Begin PBXProject section */
		1E48A11D1FFF20E600D69ECF /* Project object */ = {
			isa = PBXProject;
			attributes = {
				LastUpgradeCheck = 0920;
				ORGANIZATIONNAME = suntao;
				TargetAttributes = {
					1E48A1241FFF20E600D69ECF = {
						CreatedOnToolsVersion = 9.2;
						ProvisioningStyle = Automatic;
					};
					1E48A13F1FFF20E700D69ECF = {
						CreatedOnToolsVersion = 9.2;
						ProvisioningStyle = Automatic;
						TestTargetID = 1E48A1241FFF20E600D69ECF;
					};
				};
			};
			buildConfigurationList = 1E48A1201FFF20E600D69ECF /* Build configuration list for PBXProject "STNews" */;
			compatibilityVersion = "Xcode 8.0";
			developmentRegion = en;
			hasScannedForEncodings = 0;
			knownRegions = (
				en,
				Base,
			);
			mainGroup = 1E48A11C1FFF20E600D69ECF;
			productRefGroup = 1E48A1261FFF20E600D69ECF /* Products */;
			projectDirPath = "";
			projectRoot = "";
			targets = (
				1E48A1241FFF20E600D69ECF /* STNews */,
				1E48A13F1FFF20E700D69ECF /* STNewsTests */,
			);
		};
/* End PBXProject section */

/* Begin PBXResourcesBuildPhase section */
		1E48A1231FFF20E600D69ECF /* Resources */ = {
			isa = PBXResourcesBuildPhase;
			buildActionMask = 2147483647;
			files = (
				1E48A19A1FFF5DF200D69ECF /* FindController.xib in Resources */,
				1E48A1831FFF5BE600D69ECF /* STPushGuideView.xib in Resources */,
				1E2BD15120009AA5009DA12D /* NewsURLs.plist in Resources */,
				1E48A1381FFF20E600D69ECF /* LaunchScreen.storyboard in Resources */,
				1E2BD1572000AAF9009DA12D /* NewsController.xib in Resources */,
				1E48A1351FFF20E600D69ECF /* Assets.xcassets in Resources */,
				1E48A1901FFF5DA200D69ECF /* ListenController.xib in Resources */,
				1E48A1301FFF20E600D69ECF /* Main.storyboard in Resources */,
				1E48A1951FFF5DC200D69ECF /* ReadController.xib in Resources */,
				1EF54AC020006C7E0020F767 /* NewsTableController.storyboard in Resources */,
				1E48A19F1FFF5E0700D69ECF /* MineController.xib in Resources */,
			);
			runOnlyForDeploymentPostprocessing = 0;
		};
		1E48A13E1FFF20E700D69ECF /* Resources */ = {
			isa = PBXResourcesBuildPhase;
			buildActionMask = 2147483647;
			files = (
			);
			runOnlyForDeploymentPostprocessing = 0;
		};
/* End PBXResourcesBuildPhase section */

/* Begin PBXShellScriptBuildPhase section */
		16E597019E2E83BDC1237639 /* [CP] Embed Pods Frameworks */ = {
			isa = PBXShellScriptBuildPhase;
			buildActionMask = 2147483647;
			files = (
			);
			inputPaths = (
			);
			name = "[CP] Embed Pods Frameworks";
			outputPaths = (
			);
			runOnlyForDeploymentPostprocessing = 0;
			shellPath = /bin/sh;
			shellScript = "\"${SRCROOT}/Pods/Target Support Files/Pods-STNews/Pods-STNews-frameworks.sh\"\n";
			showEnvVarsInLog = 0;
		};
		25171590791A1E4A9E7F3107 /* [CP] Copy Pods Resources */ = {
			isa = PBXShellScriptBuildPhase;
			buildActionMask = 2147483647;
			files = (
			);
			inputPaths = (
				"${SRCROOT}/Pods/Target Support Files/Pods-STNews/Pods-STNews-resources.sh",
				"${PODS_ROOT}/MJRefresh/MJRefresh/MJRefresh.bundle",
			);
			name = "[CP] Copy Pods Resources";
			outputPaths = (
				"${TARGET_BUILD_DIR}/${UNLOCALIZED_RESOURCES_FOLDER_PATH}",
			);
			runOnlyForDeploymentPostprocessing = 0;
			shellPath = /bin/sh;
			shellScript = "\"${SRCROOT}/Pods/Target Support Files/Pods-STNews/Pods-STNews-resources.sh\"\n";
			showEnvVarsInLog = 0;
		};
		334A945AEA788BA729DB8099 /* [CP] Check Pods Manifest.lock */ = {
			isa = PBXShellScriptBuildPhase;
			buildActionMask = 2147483647;
			files = (
			);
			inputPaths = (
				"${PODS_PODFILE_DIR_PATH}/Podfile.lock",
				"${PODS_ROOT}/Manifest.lock",
			);
			name = "[CP] Check Pods Manifest.lock";
			outputPaths = (
				"$(DERIVED_FILE_DIR)/Pods-STNews-checkManifestLockResult.txt",
			);
			runOnlyForDeploymentPostprocessing = 0;
			shellPath = /bin/sh;
			shellScript = "diff \"${PODS_PODFILE_DIR_PATH}/Podfile.lock\" \"${PODS_ROOT}/Manifest.lock\" > /dev/null\nif [ $? != 0 ] ; then\n    # print error to STDERR\n    echo \"error: The sandbox is not in sync with the Podfile.lock. Run 'pod install' or update your CocoaPods installation.\" >&2\n    exit 1\nfi\n# This output is used by Xcode 'outputs' to avoid re-running this script phase.\necho \"SUCCESS\" > \"${SCRIPT_OUTPUT_FILE_0}\"\n";
			showEnvVarsInLog = 0;
		};
/* End PBXShellScriptBuildPhase section */

/* Begin PBXSourcesBuildPhase section */
		1E48A1211FFF20E600D69ECF /* Sources */ = {
			isa = PBXSourcesBuildPhase;
			buildActionMask = 2147483647;
			files = (
				1E48A1991FFF5DF200D69ECF /* FindController.m in Sources */,
				1E48A1891FFF5D4800D69ECF /* NewsController.m in Sources */,
				1E48A17A1FFF577600D69ECF /* STTabBarController.m in Sources */,
				1E48A18F1FFF5DA200D69ECF /* ListenController.m in Sources */,
				1E48A1791FFF577600D69ECF /* STNavigationController.m in Sources */,
				1E48A1681FFF544700D69ECF /* NSDate+STExtension.m in Sources */,
				1E48A12D1FFF20E600D69ECF /* ViewController.m in Sources */,
				1E48A12A1FFF20E600D69ECF /* AppDelegate.m in Sources */,
				1E48A13B1FFF20E600D69ECF /* main.m in Sources */,
				1E48A1841FFF5BE600D69ECF /* STPushGuideView.m in Sources */,
				1E48A1941FFF5DC200D69ECF /* ReadController.m in Sources */,
				1E2BD15A2000AFAE009DA12D /* STTitleLablel.m in Sources */,
				1E48A1331FFF20E600D69ECF /* STNews.xcdatamodeld in Sources */,
				1E2BD14F20009955009DA12D /* STConst.m in Sources */,
				1E48A1851FFF5BE600D69ECF /* STTabBar.m in Sources */,
				1E48A16A1FFF544700D69ECF /* UIView+STExtension.m in Sources */,
				1E48A1691FFF544700D69ECF /* UIBarButtonItem+STExtension.m in Sources */,
				1EF54ABD20006BA50020F767 /* NewsTableController.m in Sources */,
				1E48A19E1FFF5E0700D69ECF /* MineController.m in Sources */,
				1E48A16C1FFF560500D69ECF /* Foundation+Log.m in Sources */,
			);
			runOnlyForDeploymentPostprocessing = 0;
		};
		1E48A13C1FFF20E700D69ECF /* Sources */ = {
			isa = PBXSourcesBuildPhase;
			buildActionMask = 2147483647;
			files = (
				1E48A1451FFF20E700D69ECF /* STNewsTests.m in Sources */,
			);
			runOnlyForDeploymentPostprocessing = 0;
		};
/* End PBXSourcesBuildPhase section */

/* Begin PBXTargetDependency section */
		1E48A1421FFF20E700D69ECF /* PBXTargetDependency */ = {
			isa = PBXTargetDependency;
			target = 1E48A1241FFF20E600D69ECF /* STNews */;
			targetProxy = 1E48A1411FFF20E700D69ECF /* PBXContainerItemProxy */;
		};
/* End PBXTargetDependency section */

/* Begin PBXVariantGroup section */
		1E48A12E1FFF20E600D69ECF /* Main.storyboard */ = {
			isa = PBXVariantGroup;
			children = (
				1E48A12F1FFF20E600D69ECF /* Base */,
			);
			name = Main.storyboard;
			sourceTree = "<group>";
		};
		1E48A1361FFF20E600D69ECF /* LaunchScreen.storyboard */ = {
			isa = PBXVariantGroup;
			children = (
				1E48A1371FFF20E600D69ECF /* Base */,
			);
			name = LaunchScreen.storyboard;
			sourceTree = "<group>";
		};
/* End PBXVariantGroup section */

/* Begin XCBuildConfiguration section */
		1E48A1471FFF20E700D69ECF /* Debug */ = {
			isa = XCBuildConfiguration;
			buildSettings = {
				ALWAYS_SEARCH_USER_PATHS = NO;
				CLANG_ANALYZER_NONNULL = YES;
				CLANG_ANALYZER_NUMBER_OBJECT_CONVERSION = YES_AGGRESSIVE;
				CLANG_CXX_LANGUAGE_STANDARD = "gnu++14";
				CLANG_CXX_LIBRARY = "libc++";
				CLANG_ENABLE_MODULES = YES;
				CLANG_ENABLE_OBJC_ARC = YES;
				CLANG_WARN_BLOCK_CAPTURE_AUTORELEASING = YES;
				CLANG_WARN_BOOL_CONVERSION = YES;
				CLANG_WARN_COMMA = YES;
				CLANG_WARN_CONSTANT_CONVERSION = YES;
				CLANG_WARN_DIRECT_OBJC_ISA_USAGE = YES_ERROR;
				CLANG_WARN_DOCUMENTATION_COMMENTS = YES;
				CLANG_WARN_EMPTY_BODY = YES;
				CLANG_WARN_ENUM_CONVERSION = YES;
				CLANG_WARN_INFINITE_RECURSION = YES;
				CLANG_WARN_INT_CONVERSION = YES;
				CLANG_WARN_NON_LITERAL_NULL_CONVERSION = YES;
				CLANG_WARN_OBJC_LITERAL_CONVERSION = YES;
				CLANG_WARN_OBJC_ROOT_CLASS = YES_ERROR;
				CLANG_WARN_RANGE_LOOP_ANALYSIS = YES;
				CLANG_WARN_STRICT_PROTOTYPES = YES;
				CLANG_WARN_SUSPICIOUS_MOVE = YES;
				CLANG_WARN_UNGUARDED_AVAILABILITY = YES_AGGRESSIVE;
				CLANG_WARN_UNREACHABLE_CODE = YES;
				CLANG_WARN__DUPLICATE_METHOD_MATCH = YES;
				CODE_SIGN_IDENTITY = "iPhone Developer";
				COPY_PHASE_STRIP = NO;
				DEBUG_INFORMATION_FORMAT = dwarf;
				ENABLE_STRICT_OBJC_MSGSEND = YES;
				ENABLE_TESTABILITY = YES;
				GCC_C_LANGUAGE_STANDARD = gnu11;
				GCC_DYNAMIC_NO_PIC = NO;
				GCC_NO_COMMON_BLOCKS = YES;
				GCC_OPTIMIZATION_LEVEL = 0;
				GCC_PREPROCESSOR_DEFINITIONS = (
					"DEBUG=1",
					"$(inherited)",
				);
				GCC_WARN_64_TO_32_BIT_CONVERSION = YES;
				GCC_WARN_ABOUT_RETURN_TYPE = YES_ERROR;
				GCC_WARN_UNDECLARED_SELECTOR = YES;
				GCC_WARN_UNINITIALIZED_AUTOS = YES_AGGRESSIVE;
				GCC_WARN_UNUSED_FUNCTION = YES;
				GCC_WARN_UNUSED_VARIABLE = YES;
				IPHONEOS_DEPLOYMENT_TARGET = 11.2;
				MTL_ENABLE_DEBUG_INFO = YES;
				ONLY_ACTIVE_ARCH = YES;
				SDKROOT = iphoneos;
			};
			name = Debug;
		};
		1E48A1481FFF20E700D69ECF /* Release */ = {
			isa = XCBuildConfiguration;
			buildSettings = {
				ALWAYS_SEARCH_USER_PATHS = NO;
				CLANG_ANALYZER_NONNULL = YES;
				CLANG_ANALYZER_NUMBER_OBJECT_CONVERSION = YES_AGGRESSIVE;
				CLANG_CXX_LANGUAGE_STANDARD = "gnu++14";
				CLANG_CXX_LIBRARY = "libc++";
				CLANG_ENABLE_MODULES = YES;
				CLANG_ENABLE_OBJC_ARC = YES;
				CLANG_WARN_BLOCK_CAPTURE_AUTORELEASING = YES;
				CLANG_WARN_BOOL_CONVERSION = YES;
				CLANG_WARN_COMMA = YES;
				CLANG_WARN_CONSTANT_CONVERSION = YES;
				CLANG_WARN_DIRECT_OBJC_ISA_USAGE = YES_ERROR;
				CLANG_WARN_DOCUMENTATION_COMMENTS = YES;
				CLANG_WARN_EMPTY_BODY = YES;
				CLANG_WARN_ENUM_CONVERSION = YES;
				CLANG_WARN_INFINITE_RECURSION = YES;
				CLANG_WARN_INT_CONVERSION = YES;
				CLANG_WARN_NON_LITERAL_NULL_CONVERSION = YES;
				CLANG_WARN_OBJC_LITERAL_CONVERSION = YES;
				CLANG_WARN_OBJC_ROOT_CLASS = YES_ERROR;
				CLANG_WARN_RANGE_LOOP_ANALYSIS = YES;
				CLANG_WARN_STRICT_PROTOTYPES = YES;
				CLANG_WARN_SUSPICIOUS_MOVE = YES;
				CLANG_WARN_UNGUARDED_AVAILABILITY = YES_AGGRESSIVE;
				CLANG_WARN_UNREACHABLE_CODE = YES;
				CLANG_WARN__DUPLICATE_METHOD_MATCH = YES;
				CODE_SIGN_IDENTITY = "iPhone Developer";
				COPY_PHASE_STRIP = NO;
				DEBUG_INFORMATION_FORMAT = "dwarf-with-dsym";
				ENABLE_NS_ASSERTIONS = NO;
				ENABLE_STRICT_OBJC_MSGSEND = YES;
				GCC_C_LANGUAGE_STANDARD = gnu11;
				GCC_NO_COMMON_BLOCKS = YES;
				GCC_WARN_64_TO_32_BIT_CONVERSION = YES;
				GCC_WARN_ABOUT_RETURN_TYPE = YES_ERROR;
				GCC_WARN_UNDECLARED_SELECTOR = YES;
				GCC_WARN_UNINITIALIZED_AUTOS = YES_AGGRESSIVE;
				GCC_WARN_UNUSED_FUNCTION = YES;
				GCC_WARN_UNUSED_VARIABLE = YES;
				IPHONEOS_DEPLOYMENT_TARGET = 11.2;
				MTL_ENABLE_DEBUG_INFO = NO;
				SDKROOT = iphoneos;
				VALIDATE_PRODUCT = YES;
			};
			name = Release;
		};
		1E48A14A1FFF20E700D69ECF /* Debug */ = {
			isa = XCBuildConfiguration;
			baseConfigurationReference = 58FD34A26DBC9DD179C43FE3 /* Pods-STNews.debug.xcconfig */;
			buildSettings = {
				ASSETCATALOG_COMPILER_APPICON_NAME = AppIcon;
				CODE_SIGN_STYLE = Automatic;
				DEVELOPMENT_TEAM = 3V39Q7F96X;
				GCC_PREFIX_HEADER = STNews/NewsPrefix.pch;
				INFOPLIST_FILE = STNews/Info.plist;
				LD_RUNPATH_SEARCH_PATHS = "$(inherited) @executable_path/Frameworks";
				PRODUCT_BUNDLE_IDENTIFIER = suntao.STNews;
				PRODUCT_NAME = "$(TARGET_NAME)";
				TARGETED_DEVICE_FAMILY = "1,2";
			};
			name = Debug;
		};
		1E48A14B1FFF20E700D69ECF /* Release */ = {
			isa = XCBuildConfiguration;
			baseConfigurationReference = BF4E9CC7A90400878F3A16B1 /* Pods-STNews.release.xcconfig */;
			buildSettings = {
				ASSETCATALOG_COMPILER_APPICON_NAME = AppIcon;
				CODE_SIGN_STYLE = Automatic;
				DEVELOPMENT_TEAM = 3V39Q7F96X;
				GCC_PREFIX_HEADER = STNews/NewsPrefix.pch;
				INFOPLIST_FILE = STNews/Info.plist;
				LD_RUNPATH_SEARCH_PATHS = "$(inherited) @executable_path/Frameworks";
				PRODUCT_BUNDLE_IDENTIFIER = suntao.STNews;
				PRODUCT_NAME = "$(TARGET_NAME)";
				TARGETED_DEVICE_FAMILY = "1,2";
			};
			name = Release;
		};
		1E48A14D1FFF20E700D69ECF /* Debug */ = {
			isa = XCBuildConfiguration;
			buildSettings = {
				BUNDLE_LOADER = "$(TEST_HOST)";
				CODE_SIGN_STYLE = Automatic;
				DEVELOPMENT_TEAM = 3V39Q7F96X;
				INFOPLIST_FILE = STNewsTests/Info.plist;
				LD_RUNPATH_SEARCH_PATHS = "$(inherited) @executable_path/Frameworks @loader_path/Frameworks";
				PRODUCT_BUNDLE_IDENTIFIER = suntao.STNewsTests;
				PRODUCT_NAME = "$(TARGET_NAME)";
				TARGETED_DEVICE_FAMILY = "1,2";
				TEST_HOST = "$(BUILT_PRODUCTS_DIR)/STNews.app/STNews";
			};
			name = Debug;
		};
		1E48A14E1FFF20E700D69ECF /* Release */ = {
			isa = XCBuildConfiguration;
			buildSettings = {
				BUNDLE_LOADER = "$(TEST_HOST)";
				CODE_SIGN_STYLE = Automatic;
				DEVELOPMENT_TEAM = 3V39Q7F96X;
				INFOPLIST_FILE = STNewsTests/Info.plist;
				LD_RUNPATH_SEARCH_PATHS = "$(inherited) @executable_path/Frameworks @loader_path/Frameworks";
				PRODUCT_BUNDLE_IDENTIFIER = suntao.STNewsTests;
				PRODUCT_NAME = "$(TARGET_NAME)";
				TARGETED_DEVICE_FAMILY = "1,2";
				TEST_HOST = "$(BUILT_PRODUCTS_DIR)/STNews.app/STNews";
			};
			name = Release;
		};
/* End XCBuildConfiguration section */

/* Begin XCConfigurationList section */
		1E48A1201FFF20E600D69ECF /* Build configuration list for PBXProject "STNews" */ = {
			isa = XCConfigurationList;
			buildConfigurations = (
				1E48A1471FFF20E700D69ECF /* Debug */,
				1E48A1481FFF20E700D69ECF /* Release */,
			);
			defaultConfigurationIsVisible = 0;
			defaultConfigurationName = Release;
		};
		1E48A1491FFF20E700D69ECF /* Build configuration list for PBXNativeTarget "STNews" */ = {
			isa = XCConfigurationList;
			buildConfigurations = (
				1E48A14A1FFF20E700D69ECF /* Debug */,
				1E48A14B1FFF20E700D69ECF /* Release */,
			);
			defaultConfigurationIsVisible = 0;
			defaultConfigurationName = Release;
		};
		1E48A14C1FFF20E700D69ECF /* Build configuration list for PBXNativeTarget "STNewsTests" */ = {
			isa = XCConfigurationList;
			buildConfigurations = (
				1E48A14D1FFF20E700D69ECF /* Debug */,
				1E48A14E1FFF20E700D69ECF /* Release */,
			);
			defaultConfigurationIsVisible = 0;
			defaultConfigurationName = Release;
		};
/* End XCConfigurationList section */

/* Begin XCVersionGroup section */
		1E48A1311FFF20E600D69ECF /* STNews.xcdatamodeld */ = {
			isa = XCVersionGroup;
			children = (
				1E48A1321FFF20E600D69ECF /* STNews.xcdatamodel */,
			);
			currentVersion = 1E48A1321FFF20E600D69ECF /* STNews.xcdatamodel */;
			path = STNews.xcdatamodeld;
			sourceTree = "<group>";
			versionGroupType = wrapper.xcdatamodel;
		};
/* End XCVersionGroup section */
	};
	rootObject = 1E48A11D1FFF20E600D69ECF /* Project object */;
}
